
Microsoft Visual Studio Solution File, Format Version 12.00
# Visual Studio Version 17
VisualStudioVersion = 17.4.33110.190
MinimumVisualStudioVersion = 10.0.40219.1
Project("{FAE04EC0-301F-11D3-BF4B-00C04F79EFBC}") = "SnTraceAnalyzer", "SnTraceAnalyzer\SnTraceAnalyzer.csproj", "{244663F2-62BC-4DA1-BCE4-DCBAF81E7258}"
EndProject
Global
	GlobalSection(SolutionConfigurationPlatforms) = preSolution
		Debug|Any CPU = Debug|Any CPU
		Release|Any CPU = Release|Any CPU
	EndGlobalSection
	GlobalSection(ProjectConfigurationPlatforms) = postSolution
		{244663F2-62BC-4DA1-BCE4-DCBAF81E7258}.Debug|Any CPU.ActiveCfg = Debug|Any CPU
		{244663F2-62BC-4DA1-BCE4-DCBAF81E7258}.Debug|Any CPU.Build.0 = Debug|Any CPU
		{244663F2-62BC-4DA1-BCE4-DCBAF81E7258}.Release|Any CPU.ActiveCfg = Release|Any CPU
		{244663F2-62BC-4DA1-BCE4-DCBAF81E7258}.Release|Any CPU.Build.0 = Release|Any CPU
	EndGlobalSection
	GlobalSection(SolutionProperties) = preSolution
		HideSolutionNode = FALSE
	EndGlobalSection
	GlobalSection(ExtensibilityGlobals) = postSolution
		SolutionGuid = {DF24D02E-0E9D-4AF0-92DB-6ED7E9E95060}
	EndGlobalSection
EndGlobal
